
Microsoft Visual Studio Solution File, Format Version 12.00
# Visual Studio 14
VisualStudioVersion = 14.0.25420.1
MinimumVisualStudioVersion = 10.0.40219.1
Project("{2150E333-8FDC-42A3-9474-1A3956D46DE8}") = "CSharp", "CSharp", "{33266321-F86F-47C7-BBF5-0B792ED5271D}"
EndProject
Project("{2150E333-8FDC-42A3-9474-1A3956D46DE8}") = "VB", "VB", "{72667102-4E01-47C0-8F81-0ED192011B4F}"
EndProject
Project("{2150E333-8FDC-42A3-9474-1A3956D46DE8}") = "Javascript", "Javascript", "{D6F8C4C5-22D6-4D68-B7FD-FF8FADB44AE0}"
EndProject
Project("{FAE04EC0-301F-11D3-BF4B-00C04F79EFBC}") = "ArraysDs", "ArraysDs\ArraysDs.csproj", "{65251205-1EC0-443D-AE6B-05DDC42D799F}"
EndProject
Project("{FAE04EC0-301F-11D3-BF4B-00C04F79EFBC}") = "2DArrayHourglass", "2DArrayHourglass\2DArrayHourglass.csproj", "{732D9F62-6D52-4A8A-BF7E-D32FC6EE7666}"
EndProject
Project("{2150E333-8FDC-42A3-9474-1A3956D46DE8}") = "30 Day of Code", "30 Day of Code", "{099E4EF5-0925-44E6-9F0A-340B6CD54537}"
EndProject
Project("{2150E333-8FDC-42A3-9474-1A3956D46DE8}") = "CSharp", "CSharp", "{573BEC73-8CC1-45DD-9F6D-1746FB52631B}"
EndProject
Project("{FAE04EC0-301F-11D3-BF4B-00C04F79EFBC}") = "DataTypes", "DataTypes\DataTypes.csproj", "{8C00A1A5-1709-411F-97F6-9A4EAE15EF91}"
EndProject
Project("{2150E333-8FDC-42A3-9474-1A3956D46DE8}") = "10 Days of Statistics", "10 Days of Statistics", "{4F351013-B7F1-40CD-A88E-7DF9F3F27FBF}"
EndProject
Project("{2150E333-8FDC-42A3-9474-1A3956D46DE8}") = "Day 1", "Day 1", "{A9AF1FCB-CF16-4E0C-B2C1-9FBE1E2B4BF0}"
EndProject
Project("{2150E333-8FDC-42A3-9474-1A3956D46DE8}") = "Day 0", "Day 0", "{B41381FF-A4B6-4D0D-8EA0-676C047B6DC6}"
EndProject
Project("{FAE04EC0-301F-11D3-BF4B-00C04F79EFBC}") = "MeanMedianMode", "MeanMedianMode\MeanMedianMode.csproj", "{8F0F383E-FAC5-4465-9B1F-EBEFED4B4F4B}"
EndProject
Global
	GlobalSection(SolutionConfigurationPlatforms) = preSolution
		Debug|Any CPU = Debug|Any CPU
		Release|Any CPU = Release|Any CPU
	EndGlobalSection
	GlobalSection(ProjectConfigurationPlatforms) = postSolution
		{65251205-1EC0-443D-AE6B-05DDC42D799F}.Debug|Any CPU.ActiveCfg = Debug|Any CPU
		{65251205-1EC0-443D-AE6B-05DDC42D799F}.Debug|Any CPU.Build.0 = Debug|Any CPU
		{65251205-1EC0-443D-AE6B-05DDC42D799F}.Release|Any CPU.ActiveCfg = Release|Any CPU
		{65251205-1EC0-443D-AE6B-05DDC42D799F}.Release|Any CPU.Build.0 = Release|Any CPU
		{732D9F62-6D52-4A8A-BF7E-D32FC6EE7666}.Debug|Any CPU.ActiveCfg = Debug|Any CPU
		{732D9F62-6D52-4A8A-BF7E-D32FC6EE7666}.Debug|Any CPU.Build.0 = Debug|Any CPU
		{732D9F62-6D52-4A8A-BF7E-D32FC6EE7666}.Release|Any CPU.ActiveCfg = Release|Any CPU
		{732D9F62-6D52-4A8A-BF7E-D32FC6EE7666}.Release|Any CPU.Build.0 = Release|Any CPU
		{8C00A1A5-1709-411F-97F6-9A4EAE15EF91}.Debug|Any CPU.ActiveCfg = Debug|Any CPU
		{8C00A1A5-1709-411F-97F6-9A4EAE15EF91}.Debug|Any CPU.Build.0 = Debug|Any CPU
		{8C00A1A5-1709-411F-97F6-9A4EAE15EF91}.Release|Any CPU.ActiveCfg = Release|Any CPU
		{8C00A1A5-1709-411F-97F6-9A4EAE15EF91}.Release|Any CPU.Build.0 = Release|Any CPU
		{8F0F383E-FAC5-4465-9B1F-EBEFED4B4F4B}.Debug|Any CPU.ActiveCfg = Debug|Any CPU
		{8F0F383E-FAC5-4465-9B1F-EBEFED4B4F4B}.Debug|Any CPU.Build.0 = Debug|Any CPU
		{8F0F383E-FAC5-4465-9B1F-EBEFED4B4F4B}.Release|Any CPU.ActiveCfg = Release|Any CPU
		{8F0F383E-FAC5-4465-9B1F-EBEFED4B4F4B}.Release|Any CPU.Build.0 = Release|Any CPU
	EndGlobalSection
	GlobalSection(SolutionProperties) = preSolution
		HideSolutionNode = FALSE
	EndGlobalSection
	GlobalSection(NestedProjects) = preSolution
		{65251205-1EC0-443D-AE6B-05DDC42D799F} = {33266321-F86F-47C7-BBF5-0B792ED5271D}
		{732D9F62-6D52-4A8A-BF7E-D32FC6EE7666} = {33266321-F86F-47C7-BBF5-0B792ED5271D}
		{573BEC73-8CC1-45DD-9F6D-1746FB52631B} = {099E4EF5-0925-44E6-9F0A-340B6CD54537}
		{8C00A1A5-1709-411F-97F6-9A4EAE15EF91} = {A9AF1FCB-CF16-4E0C-B2C1-9FBE1E2B4BF0}
		{A9AF1FCB-CF16-4E0C-B2C1-9FBE1E2B4BF0} = {573BEC73-8CC1-45DD-9F6D-1746FB52631B}
		{B41381FF-A4B6-4D0D-8EA0-676C047B6DC6} = {4F351013-B7F1-40CD-A88E-7DF9F3F27FBF}
		{8F0F383E-FAC5-4465-9B1F-EBEFED4B4F4B} = {B41381FF-A4B6-4D0D-8EA0-676C047B6DC6}
	EndGlobalSection
EndGlobal
